{
    "name": "lib",
    "version": "0.0.1",
    "lockfileVersion": 3,
    "requires": true,
    "packages": {
        "": {
            "name": "lib",
            "version": "0.0.1",
            "dependencies": {
                "json-stringify-deterministic": "^1.0.12"
            }
        },
        "node_modules/json-stringify-deterministic": {
            "version": "1.0.12",
            "resolved": "https://registry.npmjs.org/json-stringify-deterministic/-/json-stringify-deterministic-1.0.12.tgz",
            "integrity": "sha512-q3PN0lbUdv0pmurkBNdJH3pfFvOTL/Zp0lquqpvcjfKzt6Y0j49EPHAmVHCAS4Ceq/Y+PejWTzyiVpoY71+D6g==",
            "engines": {
                "node": ">= 4"
            }
        }
    }
}
